
Microsoft Visual Studio Solution File, Format Version 12.00
# Visual Studio Version 17
VisualStudioVersion = 17.2.32408.312
MinimumVisualStudioVersion = 10.0.40219.1
Project("{9A19103F-16F7-4668-BE54-9A1E7A4F7556}") = "Bot", "Бот\Bot.csproj", "{8BFF89EA-5025-4A96-BDE1-0A55CD643695}"
EndProject
Global
	GlobalSection(SolutionConfigurationPlatforms) = preSolution
		Debug|Any CPU = Debug|Any CPU
		Release|Any CPU = Release|Any CPU
	EndGlobalSection
	GlobalSection(ProjectConfigurationPlatforms) = postSolution
		{8BFF89EA-5025-4A96-BDE1-0A55CD643695}.Debug|Any CPU.ActiveCfg = Debug|Any CPU
		{8BFF89EA-5025-4A96-BDE1-0A55CD643695}.Debug|Any CPU.Build.0 = Debug|Any CPU
		{8BFF89EA-5025-4A96-BDE1-0A55CD643695}.Release|Any CPU.ActiveCfg = Release|Any CPU
		{8BFF89EA-5025-4A96-BDE1-0A55CD643695}.Release|Any CPU.Build.0 = Release|Any CPU
	EndGlobalSection
	GlobalSection(SolutionProperties) = preSolution
		HideSolutionNode = FALSE
	EndGlobalSection
	GlobalSection(ExtensibilityGlobals) = postSolution
		SolutionGuid = {6D35F352-BF5D-4671-804B-6C1256FFCC59}
	EndGlobalSection
EndGlobal
